
Microsoft Visual Studio Solution File, Format Version 12.00
# Visual Studio Version 17
VisualStudioVersion = 17.5.33516.290
MinimumVisualStudioVersion = 10.0.40219.1
Project("{FAE04EC0-301F-11D3-BF4B-00C04F79EFBC}") = "MyApi", "MyApi\MyApi.csproj", "{D781D702-4FE1-4F4B-9512-BCDE7FE99B44}"
EndProject
Global
	GlobalSection(SolutionConfigurationPlatforms) = preSolution
		Debug|Any CPU = Debug|Any CPU
		Release|Any CPU = Release|Any CPU
	EndGlobalSection
	GlobalSection(ProjectConfigurationPlatforms) = postSolution
		{D781D702-4FE1-4F4B-9512-BCDE7FE99B44}.Debug|Any CPU.ActiveCfg = Debug|Any CPU
		{D781D702-4FE1-4F4B-9512-BCDE7FE99B44}.Debug|Any CPU.Build.0 = Debug|Any CPU
		{D781D702-4FE1-4F4B-9512-BCDE7FE99B44}.Release|Any CPU.ActiveCfg = Release|Any CPU
		{D781D702-4FE1-4F4B-9512-BCDE7FE99B44}.Release|Any CPU.Build.0 = Release|Any CPU
	EndGlobalSection
	GlobalSection(SolutionProperties) = preSolution
		HideSolutionNode = FALSE
	EndGlobalSection
	GlobalSection(ExtensibilityGlobals) = postSolution
		SolutionGuid = {35E3FEB6-F45F-477D-AC16-2B4E11A6104D}
	EndGlobalSection
EndGlobal
